PODS:
  - SegueManager (4.2.0):
    - SegueManager/iOS (= 4.2.0)
    - SegueManager/OSX (= 4.2.0)
    - SegueManager/R.swift (= 4.2.0)
  - SegueManager/OSX (4.2.0)

DEPENDENCIES:
  - SegueManager (from `../../`)

EXTERNAL SOURCES:
  SegueManager:
    :path: "../../"

SPEC CHECKSUMS:
  SegueManager: bbe1882d711898479eb96d18ad722c3caa897eac

PODFILE CHECKSUM: 1962f9160a253382bb076b4fd269239a0cb56182

COCOAPODS: 1.6.1
