PODS:
  - SegueManager (0.5.0):
    - SegueManager/iOS (= 0.5.0)
    - SegueManager/OSX (= 0.5.0)
  - SegueManager/OSX (0.5.0)

DEPENDENCIES:
  - SegueManager (from `../../`)

EXTERNAL SOURCES:
  SegueManager:
    :path: ../../

SPEC CHECKSUMS:
  SegueManager: 1d0afbe884ba27a8a42ac18d7f491dffa2470d94

COCOAPODS: 0.36.0
