PODS:
  - SegueManager (1.0.0):
    - SegueManager/iOS (= 1.0.0)
    - SegueManager/OSX (= 1.0.0)
  - SegueManager/OSX (1.0.0)

DEPENDENCIES:
  - SegueManager (from `../../`)

EXTERNAL SOURCES:
  SegueManager:
    :path: ../../

SPEC CHECKSUMS:
  SegueManager: ce0a52408627e210177668213559fa77d2fbdeff

COCOAPODS: 0.38.2
