PODS:
  - SegueManager (2.1.0):
    - SegueManager/iOS (= 2.1.0)
    - SegueManager/OSX (= 2.1.0)
    - SegueManager/R.swift (= 2.1.0)
  - SegueManager/OSX (2.1.0)

DEPENDENCIES:
  - SegueManager (from `../../`)

EXTERNAL SOURCES:
  SegueManager:
    :path: "../../"

SPEC CHECKSUMS:
  SegueManager: 07a64c4e8cd814b3e0f564ab838777af75951a29

PODFILE CHECKSUM: 1962f9160a253382bb076b4fd269239a0cb56182

COCOAPODS: 1.1.0.rc.2
