PODS:
  - SegueManager (1.0.0):
    - SegueManager/iOS (= 1.0.0)
    - SegueManager/OSX (= 1.0.0)
  - SegueManager/iOS (1.0.0)

DEPENDENCIES:
  - SegueManager (from `../../`)

EXTERNAL SOURCES:
  SegueManager:
    :path: ../../

SPEC CHECKSUMS:
  SegueManager: 58105d74ca28b22f250eece4b1667fb732ae19d2

COCOAPODS: 0.38.2
