PODS:
  - R.swift.Library (3.0.0)
  - SegueManager (3.0.0):
    - SegueManager/iOS (= 3.0.0)
    - SegueManager/OSX (= 3.0.0)
    - SegueManager/R.swift (= 3.0.0)
  - SegueManager/iOS (3.0.0)
  - SegueManager/R.swift (3.0.0):
    - R.swift.Library
    - SegueManager/iOS

DEPENDENCIES:
  - SegueManager (from `../../`)

EXTERNAL SOURCES:
  SegueManager:
    :path: ../../

SPEC CHECKSUMS:
  R.swift.Library: fed723da260519abed60044de7aaf19494cc4e1f
  SegueManager: 92ae9f91a4c5cf8a74b4faa31291b59320b60835

PODFILE CHECKSUM: d80574cff92b86feb5f21b2f7b4625598df3131b

COCOAPODS: 1.1.1
