PODS:
  - SegueManager (0.9.0):
    - SegueManager/iOS (= 0.9.0)
    - SegueManager/OSX (= 0.9.0)
  - SegueManager/iOS (0.9.0)

DEPENDENCIES:
  - SegueManager (from `../../`)

EXTERNAL SOURCES:
  SegueManager:
    :path: ../../

SPEC CHECKSUMS:
  SegueManager: 6c53dd396672458ee475795c8233e311dc174461

COCOAPODS: 0.37.2
