PODS:
  - R.swift (3.0.0):
    - R.swift.Library (~> 3.0.0)
  - R.swift.Library (3.0.0)
  - SegueManager/iOS (4.0.0)
  - SegueManager/R.swift (4.0.0):
    - R.swift.Library
    - SegueManager/iOS

DEPENDENCIES:
  - R.swift
  - SegueManager/R.swift (from `../../`)

SPEC REPOS:
  https://github.com/CocoaPods/Specs.git:
    - R.swift
    - R.swift.Library

EXTERNAL SOURCES:
  SegueManager:
    :path: "../../"

SPEC CHECKSUMS:
  R.swift: 5a8b4a4ea565b0f20c39d8ce1445f3d3a9064768
  R.swift.Library: fed723da260519abed60044de7aaf19494cc4e1f
  SegueManager: 8fb08da7e17135c1dbb8687e574be00f8019b164

PODFILE CHECKSUM: 1dbf929836c9c04d50a1aec3e0c6b654b13b04bb

COCOAPODS: 1.5.0
