PODS:
  - R.swift.Library (0.12.0)
  - SegueManager (1.1.0):
    - SegueManager/iOS (= 1.1.0)
    - SegueManager/OSX (= 1.1.0)
    - SegueManager/R.swift (= 1.1.0)
  - SegueManager/iOS (1.1.0)
  - SegueManager/R.swift (1.1.0)

DEPENDENCIES:
  - R.swift.Library (from `../../../R.swift`)
  - SegueManager (from `../../`)
  - SegueManager/R.swift (from `../../`)

EXTERNAL SOURCES:
  R.swift.Library:
    :path: ../../../R.swift
  SegueManager:
    :path: ../../

SPEC CHECKSUMS:
  R.swift.Library: 82032bce0c71d414cf6deaaab833a96341528a58
  SegueManager: 23cb0fb5b56eb9e0ec94009db8851125c88ac744

COCOAPODS: 0.39.0
